
Microsoft Visual Studio Solution File, Format Version 12.00
# Visual Studio Version 17
VisualStudioVersion = 17.11.35219.272
MinimumVisualStudioVersion = 10.0.40219.1
Project("{FAE04EC0-301F-11D3-BF4B-00C04F79EFBC}") = "EnrollmentSystemUCB", "EnrollmentSystemUCB\EnrollmentSystemUCB.csproj", "{839E46B0-4448-4B36-A20F-71FCED174F33}"
EndProject
Global
	GlobalSection(SolutionConfigurationPlatforms) = preSolution
		Debug|Any CPU = Debug|Any CPU
		Release|Any CPU = Release|Any CPU
	EndGlobalSection
	GlobalSection(ProjectConfigurationPlatforms) = postSolution
		{839E46B0-4448-4B36-A20F-71FCED174F33}.Debug|Any CPU.ActiveCfg = Debug|Any CPU
		{839E46B0-4448-4B36-A20F-71FCED174F33}.Debug|Any CPU.Build.0 = Debug|Any CPU
		{839E46B0-4448-4B36-A20F-71FCED174F33}.Release|Any CPU.ActiveCfg = Release|Any CPU
		{839E46B0-4448-4B36-A20F-71FCED174F33}.Release|Any CPU.Build.0 = Release|Any CPU
	EndGlobalSection
	GlobalSection(SolutionProperties) = preSolution
		HideSolutionNode = FALSE
	EndGlobalSection
	GlobalSection(ExtensibilityGlobals) = postSolution
		SolutionGuid = {5E79CF9A-302C-45D9-B1A5-9D8C5A50ED0E}
	EndGlobalSection
EndGlobal
